
Microsoft Visual Studio Solution File, Format Version 12.00
# Visual Studio 15
VisualStudioVersion = 15.0.28307.168
MinimumVisualStudioVersion = 10.0.40219.1
Project("{FAE04EC0-301F-11D3-BF4B-00C04F79EFBC}") = "CTM.LoungeAccess", "CTM.LoungeAccess\CTM.LoungeAccess.csproj", "{4B57398C-BB52-4EBD-9817-06E8EB3E3E64}"
EndProject
Global
	GlobalSection(SolutionConfigurationPlatforms) = preSolution
		Debug|Any CPU = Debug|Any CPU
		Release|Any CPU = Release|Any CPU
	EndGlobalSection
	GlobalSection(ProjectConfigurationPlatforms) = postSolution
		{4B57398C-BB52-4EBD-9817-06E8EB3E3E64}.Debug|Any CPU.ActiveCfg = Debug|Any CPU
		{4B57398C-BB52-4EBD-9817-06E8EB3E3E64}.Debug|Any CPU.Build.0 = Debug|Any CPU
		{4B57398C-BB52-4EBD-9817-06E8EB3E3E64}.Release|Any CPU.ActiveCfg = Release|Any CPU
		{4B57398C-BB52-4EBD-9817-06E8EB3E3E64}.Release|Any CPU.Build.0 = Release|Any CPU
	EndGlobalSection
	GlobalSection(SolutionProperties) = preSolution
		HideSolutionNode = FALSE
	EndGlobalSection
	GlobalSection(ExtensibilityGlobals) = postSolution
		SolutionGuid = {172FE010-DDDA-448A-931E-952E5EE2FAF8}
	EndGlobalSection
EndGlobal
